
Microsoft Visual Studio Solution File, Format Version 12.00
# Visual Studio Version 16
VisualStudioVersion = 16.0.31613.86
MinimumVisualStudioVersion = 10.0.40219.1
Project("{FAE04EC0-301F-11D3-BF4B-00C04F79EFBC}") = "leasson-4 DZ3", "leasson-4 DZ3\leasson-4 DZ3.csproj", "{B5B29769-9B1C-4AC8-B1BC-9A2E46C30AF1}"
EndProject
Global
	GlobalSection(SolutionConfigurationPlatforms) = preSolution
		Debug|Any CPU = Debug|Any CPU
		Release|Any CPU = Release|Any CPU
	EndGlobalSection
	GlobalSection(ProjectConfigurationPlatforms) = postSolution
		{B5B29769-9B1C-4AC8-B1BC-9A2E46C30AF1}.Debug|Any CPU.ActiveCfg = Debug|Any CPU
		{B5B29769-9B1C-4AC8-B1BC-9A2E46C30AF1}.Debug|Any CPU.Build.0 = Debug|Any CPU
		{B5B29769-9B1C-4AC8-B1BC-9A2E46C30AF1}.Release|Any CPU.ActiveCfg = Release|Any CPU
		{B5B29769-9B1C-4AC8-B1BC-9A2E46C30AF1}.Release|Any CPU.Build.0 = Release|Any CPU
	EndGlobalSection
	GlobalSection(SolutionProperties) = preSolution
		HideSolutionNode = FALSE
	EndGlobalSection
	GlobalSection(ExtensibilityGlobals) = postSolution
		SolutionGuid = {EE75D4AA-3CA3-4792-BA40-BE5FC5A8919F}
	EndGlobalSection
EndGlobal
